
Microsoft Visual Studio Solution File, Format Version 12.00
# Visual Studio 14
VisualStudioVersion = 14.0.25420.1
MinimumVisualStudioVersion = 10.0.40219.1
Project("{FAE04EC0-301F-11D3-BF4B-00C04F79EFBC}") = "Case00026950.Handler", "Case00026950.Handler\Case00026950.Handler.csproj", "{1FF39CC2-1BCC-4164-BA32-BE3C79EFEAC1}"
EndProject
Project("{FAE04EC0-301F-11D3-BF4B-00C04F79EFBC}") = "Case00026950.Messages", "Case00026950.Messages\Case00026950.Messages.csproj", "{F753B5FE-63BC-4E12-B51F-54D64F5AA754}"
EndProject
Project("{FAE04EC0-301F-11D3-BF4B-00C04F79EFBC}") = "Case00026950.Test", "Case00026950.Test\Case00026950.Test.csproj", "{44463346-F190-496C-B583-C1F40A165073}"
EndProject
Project("{2150E333-8FDC-42A3-9474-1A3956D46DE8}") = "Solution Items", "Solution Items", "{12B2E784-F325-49D9-BCCE-A565442E7954}"
	ProjectSection(SolutionItems) = preProject
		SharedEndpointConfiguration.cs = SharedEndpointConfiguration.cs
	EndProjectSection
EndProject
Global
	GlobalSection(SolutionConfigurationPlatforms) = preSolution
		Debug|Any CPU = Debug|Any CPU
		Release|Any CPU = Release|Any CPU
	EndGlobalSection
	GlobalSection(ProjectConfigurationPlatforms) = postSolution
		{1FF39CC2-1BCC-4164-BA32-BE3C79EFEAC1}.Debug|Any CPU.ActiveCfg = Debug|Any CPU
		{1FF39CC2-1BCC-4164-BA32-BE3C79EFEAC1}.Debug|Any CPU.Build.0 = Debug|Any CPU
		{1FF39CC2-1BCC-4164-BA32-BE3C79EFEAC1}.Release|Any CPU.ActiveCfg = Release|Any CPU
		{1FF39CC2-1BCC-4164-BA32-BE3C79EFEAC1}.Release|Any CPU.Build.0 = Release|Any CPU
		{F753B5FE-63BC-4E12-B51F-54D64F5AA754}.Debug|Any CPU.ActiveCfg = Debug|Any CPU
		{F753B5FE-63BC-4E12-B51F-54D64F5AA754}.Debug|Any CPU.Build.0 = Debug|Any CPU
		{F753B5FE-63BC-4E12-B51F-54D64F5AA754}.Release|Any CPU.ActiveCfg = Release|Any CPU
		{F753B5FE-63BC-4E12-B51F-54D64F5AA754}.Release|Any CPU.Build.0 = Release|Any CPU
		{44463346-F190-496C-B583-C1F40A165073}.Debug|Any CPU.ActiveCfg = Debug|Any CPU
		{44463346-F190-496C-B583-C1F40A165073}.Debug|Any CPU.Build.0 = Debug|Any CPU
		{44463346-F190-496C-B583-C1F40A165073}.Release|Any CPU.ActiveCfg = Release|Any CPU
		{44463346-F190-496C-B583-C1F40A165073}.Release|Any CPU.Build.0 = Release|Any CPU
	EndGlobalSection
	GlobalSection(SolutionProperties) = preSolution
		HideSolutionNode = FALSE
	EndGlobalSection
EndGlobal
